
Microsoft Visual Studio Solution File, Format Version 12.00
# Visual Studio Version 17
VisualStudioVersion = 17.13.36105.23
MinimumVisualStudioVersion = 10.0.40219.1
Project("{8BC9CEB8-8B4A-11D0-8D11-00A0C91BC942}") = "shared_memory", "shared_memory\shared_memory.vcxproj", "{8C56D84D-7996-4579-9B6D-3570CE86BA51}"
EndProject
Project("{8BC9CEB8-8B4A-11D0-8D11-00A0C91BC942}") = "process", "process\process.vcxproj", "{ABD00DEC-C6D2-4CB8-BAAA-AE86AB8A34ED}"
EndProject
Project("{8BC9CEB8-8B4A-11D0-8D11-00A0C91BC942}") = "named_pipe", "named_pipe\named_pipe.vcxproj", "{0D3D33B9-7203-4C90-BB05-886AE752A5C3}"
EndProject
Project("{8BC9CEB8-8B4A-11D0-8D11-00A0C91BC942}") = "ini", "ini\ini.vcxproj", "{E0B8EA54-3EC5-427E-A55D-EACC291F77B6}"
EndProject
Global
	GlobalSection(SolutionConfigurationPlatforms) = preSolution
		Debug|x64 = Debug|x64
		Debug|x86 = Debug|x86
		Release|x64 = Release|x64
		Release|x86 = Release|x86
	EndGlobalSection
	GlobalSection(ProjectConfigurationPlatforms) = postSolution
		{8C56D84D-7996-4579-9B6D-3570CE86BA51}.Debug|x64.ActiveCfg = Debug|x64
		{8C56D84D-7996-4579-9B6D-3570CE86BA51}.Debug|x64.Build.0 = Debug|x64
		{8C56D84D-7996-4579-9B6D-3570CE86BA51}.Debug|x86.ActiveCfg = Debug|Win32
		{8C56D84D-7996-4579-9B6D-3570CE86BA51}.Debug|x86.Build.0 = Debug|Win32
		{8C56D84D-7996-4579-9B6D-3570CE86BA51}.Release|x64.ActiveCfg = Release|x64
		{8C56D84D-7996-4579-9B6D-3570CE86BA51}.Release|x64.Build.0 = Release|x64
		{8C56D84D-7996-4579-9B6D-3570CE86BA51}.Release|x86.ActiveCfg = Release|Win32
		{8C56D84D-7996-4579-9B6D-3570CE86BA51}.Release|x86.Build.0 = Release|Win32
		{ABD00DEC-C6D2-4CB8-BAAA-AE86AB8A34ED}.Debug|x64.ActiveCfg = Debug|x64
		{ABD00DEC-C6D2-4CB8-BAAA-AE86AB8A34ED}.Debug|x64.Build.0 = Debug|x64
		{ABD00DEC-C6D2-4CB8-BAAA-AE86AB8A34ED}.Debug|x86.ActiveCfg = Debug|Win32
		{ABD00DEC-C6D2-4CB8-BAAA-AE86AB8A34ED}.Debug|x86.Build.0 = Debug|Win32
		{ABD00DEC-C6D2-4CB8-BAAA-AE86AB8A34ED}.Release|x64.ActiveCfg = Release|x64
		{ABD00DEC-C6D2-4CB8-BAAA-AE86AB8A34ED}.Release|x64.Build.0 = Release|x64
		{ABD00DEC-C6D2-4CB8-BAAA-AE86AB8A34ED}.Release|x86.ActiveCfg = Release|Win32
		{ABD00DEC-C6D2-4CB8-BAAA-AE86AB8A34ED}.Release|x86.Build.0 = Release|Win32
		{0D3D33B9-7203-4C90-BB05-886AE752A5C3}.Debug|x64.ActiveCfg = Debug|x64
		{0D3D33B9-7203-4C90-BB05-886AE752A5C3}.Debug|x64.Build.0 = Debug|x64
		{0D3D33B9-7203-4C90-BB05-886AE752A5C3}.Debug|x86.ActiveCfg = Debug|Win32
		{0D3D33B9-7203-4C90-BB05-886AE752A5C3}.Debug|x86.Build.0 = Debug|Win32
		{0D3D33B9-7203-4C90-BB05-886AE752A5C3}.Release|x64.ActiveCfg = Release|x64
		{0D3D33B9-7203-4C90-BB05-886AE752A5C3}.Release|x64.Build.0 = Release|x64
		{0D3D33B9-7203-4C90-BB05-886AE752A5C3}.Release|x86.ActiveCfg = Release|Win32
		{0D3D33B9-7203-4C90-BB05-886AE752A5C3}.Release|x86.Build.0 = Release|Win32
		{E0B8EA54-3EC5-427E-A55D-EACC291F77B6}.Debug|x64.ActiveCfg = Debug|x64
		{E0B8EA54-3EC5-427E-A55D-EACC291F77B6}.Debug|x64.Build.0 = Debug|x64
		{E0B8EA54-3EC5-427E-A55D-EACC291F77B6}.Debug|x86.ActiveCfg = Debug|Win32
		{E0B8EA54-3EC5-427E-A55D-EACC291F77B6}.Debug|x86.Build.0 = Debug|Win32
		{E0B8EA54-3EC5-427E-A55D-EACC291F77B6}.Release|x64.ActiveCfg = Release|x64
		{E0B8EA54-3EC5-427E-A55D-EACC291F77B6}.Release|x64.Build.0 = Release|x64
		{E0B8EA54-3EC5-427E-A55D-EACC291F77B6}.Release|x86.ActiveCfg = Release|Win32
		{E0B8EA54-3EC5-427E-A55D-EACC291F77B6}.Release|x86.Build.0 = Release|Win32
	EndGlobalSection
	GlobalSection(SolutionProperties) = preSolution
		HideSolutionNode = FALSE
	EndGlobalSection
	GlobalSection(ExtensibilityGlobals) = postSolution
		SolutionGuid = {2BFCBA85-BE09-4E48-9016-C9E2D23CE3A0}
	EndGlobalSection
EndGlobal
